
Microsoft Visual Studio Solution File, Format Version 12.00
# Visual Studio Version 17
VisualStudioVersion = 17.11.35219.272
MinimumVisualStudioVersion = 10.0.40219.1
Project("{FAE04EC0-301F-11D3-BF4B-00C04F79EFBC}") = "Sequência_Fibonacci", "Sequência_Fibonacci\Sequência_Fibonacci.csproj", "{92E5A07E-8576-40BA-8E9D-E81389CB21E4}"
EndProject
Global
	GlobalSection(SolutionConfigurationPlatforms) = preSolution
		Debug|Any CPU = Debug|Any CPU
		Release|Any CPU = Release|Any CPU
	EndGlobalSection
	GlobalSection(ProjectConfigurationPlatforms) = postSolution
		{92E5A07E-8576-40BA-8E9D-E81389CB21E4}.Debug|Any CPU.ActiveCfg = Debug|Any CPU
		{92E5A07E-8576-40BA-8E9D-E81389CB21E4}.Debug|Any CPU.Build.0 = Debug|Any CPU
		{92E5A07E-8576-40BA-8E9D-E81389CB21E4}.Release|Any CPU.ActiveCfg = Release|Any CPU
		{92E5A07E-8576-40BA-8E9D-E81389CB21E4}.Release|Any CPU.Build.0 = Release|Any CPU
	EndGlobalSection
	GlobalSection(SolutionProperties) = preSolution
		HideSolutionNode = FALSE
	EndGlobalSection
	GlobalSection(ExtensibilityGlobals) = postSolution
		SolutionGuid = {93C6619B-B80A-4FCB-A876-B178B9C507B0}
	EndGlobalSection
EndGlobal
